
Microsoft Visual Studio Solution File, Format Version 12.00
# Visual Studio Version 16
VisualStudioVersion = 16.0.30320.27
MinimumVisualStudioVersion = 10.0.40219.1
Project("{00D1A9C2-B5F0-4AF3-8072-F6C62B433612}") = "DBATaller4Pruebas", "DBATaller4Pruebas\DBATaller4Pruebas.sqlproj", "{476E3890-E4CA-4082-9741-87C2C06B0F39}"
EndProject
Global
	GlobalSection(SolutionConfigurationPlatforms) = preSolution
		Debug|Any CPU = Debug|Any CPU
		Release|Any CPU = Release|Any CPU
	EndGlobalSection
	GlobalSection(ProjectConfigurationPlatforms) = postSolution
		{476E3890-E4CA-4082-9741-87C2C06B0F39}.Debug|Any CPU.ActiveCfg = Debug|Any CPU
		{476E3890-E4CA-4082-9741-87C2C06B0F39}.Debug|Any CPU.Build.0 = Debug|Any CPU
		{476E3890-E4CA-4082-9741-87C2C06B0F39}.Debug|Any CPU.Deploy.0 = Debug|Any CPU
		{476E3890-E4CA-4082-9741-87C2C06B0F39}.Release|Any CPU.ActiveCfg = Release|Any CPU
		{476E3890-E4CA-4082-9741-87C2C06B0F39}.Release|Any CPU.Build.0 = Release|Any CPU
		{476E3890-E4CA-4082-9741-87C2C06B0F39}.Release|Any CPU.Deploy.0 = Release|Any CPU
	EndGlobalSection
	GlobalSection(SolutionProperties) = preSolution
		HideSolutionNode = FALSE
	EndGlobalSection
	GlobalSection(ExtensibilityGlobals) = postSolution
		SolutionGuid = {4E19349C-41FC-4CF8-97D2-CA63D80BC361}
	EndGlobalSection
EndGlobal
